// !$*UTF8*$!
{
	archiveVersion = 1;
	classes = {
	};
	objectVersion = 46;
	objects = {

/* Begin PBXBuildFile section */
		26E99953155FB175007F9E5F /* UIKit.framework in Frameworks */ = {isa = PBXBuildFile; fileRef = 26E99952155FB175007F9E5F /* UIKit.framework */; };
		26E99955155FB175007F9E5F /* Foundation.framework in Frameworks */ = {isa = PBXBuildFile; fileRef = 26E99954155FB175007F9E5F /* Foundation.framework */; };
		26E99957155FB175007F9E5F /* CoreGraphics.framework in Frameworks */ = {isa = PBXBuildFile; fileRef = 26E99956155FB175007F9E5F /* CoreGraphics.framework */; };
		26E9995D155FB175007F9E5F /* InfoPlist.strings in Resources */ = {isa = PBXBuildFile; fileRef = 26E9995B155FB175007F9E5F /* InfoPlist.strings */; };
		26E9995F155FB175007F9E5F /* main.m in Sources */ = {isa = PBXBuildFile; fileRef = 26E9995E155FB175007F9E5F /* main.m */; };
		26E99963155FB175007F9E5F /* AppDelegate.m in Sources */ = {isa = PBXBuildFile; fileRef = 26E99962155FB175007F9E5F /* AppDelegate.m */; };
		26E9996B155FB175007F9E5F /* SenTestingKit.framework in Frameworks */ = {isa = PBXBuildFile; fileRef = 26E9996A155FB175007F9E5F /* SenTestingKit.framework */; };
		26E9996C155FB175007F9E5F /* UIKit.framework in Frameworks */ = {isa = PBXBuildFile; fileRef = 26E99952155FB175007F9E5F /* UIKit.framework */; };
		26E9996D155FB175007F9E5F /* Foundation.framework in Frameworks */ = {isa = PBXBuildFile; fileRef = 26E99954155FB175007F9E5F /* Foundation.framework */; };
		26E99975155FB175007F9E5F /* InfoPlist.strings in Resources */ = {isa = PBXBuildFile; fileRef = 26E99973155FB175007F9E5F /* InfoPlist.strings */; };
		26E99978155FB175007F9E5F /* ImageFlowedViewerTests.m in Sources */ = {isa = PBXBuildFile; fileRef = 26E99977155FB175007F9E5F /* ImageFlowedViewerTests.m */; };
		26E99983155FB1F3007F9E5F /* ViewController.m in Sources */ = {isa = PBXBuildFile; fileRef = 26E99982155FB1F3007F9E5F /* ViewController.m */; };
/* End PBXBuildFile section */

/* Begin PBXContainerItemProxy section */
		26E9996E155FB175007F9E5F /* PBXContainerItemProxy */ = {
			isa = PBXContainerItemProxy;
			containerPortal = 26E99945155FB174007F9E5F /* Project object */;
			proxyType = 1;
			remoteGlobalIDString = 26E9994D155FB175007F9E5F;
			remoteInfo = ImageFlowedViewer;
		};
/* End PBXContainerItemProxy section */

/* Begin PBXFileReference section */
		26E9994E155FB175007F9E5F /* ImageFlowedViewer.app */ = {isa = PBXFileReference; explicitFileType = wrapper.application; includeInIndex = 0; path = ImageFlowedViewer.app; sourceTree = BUILT_PRODUCTS_DIR; };
		26E99952155FB175007F9E5F /* UIKit.framework */ = {isa = PBXFileReference; lastKnownFileType = wrapper.framework; name = UIKit.framework; path = System/Library/Frameworks/UIKit.framework; sourceTree = SDKROOT; };
		26E99954155FB175007F9E5F /* Foundation.framework */ = {isa = PBXFileReference; lastKnownFileType = wrapper.framework; name = Foundation.framework; path = System/Library/Frameworks/Foundation.framework; sourceTree = SDKROOT; };
		26E99956155FB175007F9E5F /* CoreGraphics.framework */ = {isa = PBXFileReference; lastKnownFileType = wrapper.framework; name = CoreGraphics.framework; path = System/Library/Frameworks/CoreGraphics.framework; sourceTree = SDKROOT; };
		26E9995A155FB175007F9E5F /* ImageFlowedViewer-Info.plist */ = {isa = PBXFileReference; lastKnownFileType = text.plist.xml; path = "ImageFlowedViewer-Info.plist"; sourceTree = "<group>"; };
		26E9995C155FB175007F9E5F /* en */ = {isa = PBXFileReference; lastKnownFileType = text.plist.strings; name = en; path = en.lproj/InfoPlist.strings; sourceTree = "<group>"; };
		26E9995E155FB175007F9E5F /* main.m */ = {isa = PBXFileReference; lastKnownFileType = sourcecode.c.objc; path = main.m; sourceTree = "<group>"; };
		26E99960155FB175007F9E5F /* ImageFlowedViewer-Prefix.pch */ = {isa = PBXFileReference; lastKnownFileType = sourcecode.c.h; path = "ImageFlowedViewer-Prefix.pch"; sourceTree = "<group>"; };
		26E99961155FB175007F9E5F /* AppDelegate.h */ = {isa = PBXFileReference; lastKnownFileType = sourcecode.c.h; path = AppDelegate.h; sourceTree = "<group>"; };
		26E99962155FB175007F9E5F /* AppDelegate.m */ = {isa = PBXFileReference; lastKnownFileType = sourcecode.c.objc; path = AppDelegate.m; sourceTree = "<group>"; };
		26E99969155FB175007F9E5F /* ImageFlowedViewerTests.octest */ = {isa = PBXFileReference; explicitFileType = wrapper.cfbundle; includeInIndex = 0; path = ImageFlowedViewerTests.octest; sourceTree = BUILT_PRODUCTS_DIR; };
		26E9996A155FB175007F9E5F /* SenTestingKit.framework */ = {isa = PBXFileReference; lastKnownFileType = wrapper.framework; name = SenTestingKit.framework; path = Library/Frameworks/SenTestingKit.framework; sourceTree = DEVELOPER_DIR; };
		26E99972155FB175007F9E5F /* ImageFlowedViewerTests-Info.plist */ = {isa = PBXFileReference; lastKnownFileType = text.plist.xml; path = "ImageFlowedViewerTests-Info.plist"; sourceTree = "<group>"; };
		26E99974155FB175007F9E5F /* en */ = {isa = PBXFileReference; lastKnownFileType = text.plist.strings; name = en; path = en.lproj/InfoPlist.strings; sourceTree = "<group>"; };
		26E99976155FB175007F9E5F /* ImageFlowedViewerTests.h */ = {isa = PBXFileReference; lastKnownFileType = sourcecode.c.h; path = ImageFlowedViewerTests.h; sourceTree = "<group>"; };
		26E99977155FB175007F9E5F /* ImageFlowedViewerTests.m */ = {isa = PBXFileReference; lastKnownFileType = sourcecode.c.objc; path = ImageFlowedViewerTests.m; sourceTree = "<group>"; };
		26E99981155FB1F3007F9E5F /* ViewController.h */ = {isa = PBXFileReference; fileEncoding = 4; lastKnownFileType = sourcecode.c.h; path = ViewController.h; sourceTree = "<group>"; };
		26E99982155FB1F3007F9E5F /* ViewController.m */ = {isa = PBXFileReference; fileEncoding = 4; lastKnownFileType = sourcecode.c.objc; path = ViewController.m; sourceTree = "<group>"; };
/* End PBXFileReference section */

/* Begin PBXFrameworksBuildPhase section */
		26E9994B155FB175007F9E5F /* Frameworks */ = {
			isa = PBXFrameworksBuildPhase;
			buildActionMask = 2147483647;
			files = (
				26E99953155FB175007F9E5F /* UIKit.framework in Frameworks */,
				26E99955155FB175007F9E5F /* Foundation.framework in Frameworks */,
				26E99957155FB175007F9E5F /* CoreGraphics.framework in Frameworks */,
			);
			runOnlyForDeploymentPostprocessing = 0;
		};
		26E99965155FB175007F9E5F /* Frameworks */ = {
			isa = PBXFrameworksBuildPhase;
			buildActionMask = 2147483647;
			files = (
				26E9996B155FB175007F9E5F /* SenTestingKit.framework in Frameworks */,
				26E9996C155FB175007F9E5F /* UIKit.framework in Frameworks */,
				26E9996D155FB175007F9E5F /* Foundation.framework in Frameworks */,
			);
			runOnlyForDeploymentPostprocessing = 0;
		};
/* End PBXFrameworksBuildPhase section */

/* Begin PBXGroup section */
		26E99943155FB174007F9E5F = {
			isa = PBXGroup;
			children = (
				26E99958155FB175007F9E5F /* ImageFlowedViewer */,
				26E99970155FB175007F9E5F /* ImageFlowedViewerTests */,
				26E99951155FB175007F9E5F /* Frameworks */,
				26E9994F155FB175007F9E5F /* Products */,
			);
			sourceTree = "<group>";
		};
		26E9994F155FB175007F9E5F /* Products */ = {
			isa = PBXGroup;
			children = (
				26E9994E155FB175007F9E5F /* ImageFlowedViewer.app */,
				26E99969155FB175007F9E5F /* ImageFlowedViewerTests.octest */,
			);
			name = Products;
			sourceTree = "<group>";
		};
		26E99951155FB175007F9E5F /* Frameworks */ = {
			isa = PBXGroup;
			children = (
				26E99952155FB175007F9E5F /* UIKit.framework */,
				26E99954155FB175007F9E5F /* Foundation.framework */,
				26E99956155FB175007F9E5F /* CoreGraphics.framework */,
				26E9996A155FB175007F9E5F /* SenTestingKit.framework */,
			);
			name = Frameworks;
			sourceTree = "<group>";
		};
		26E99958155FB175007F9E5F /* ImageFlowedViewer */ = {
			isa = PBXGroup;
			children = (
				26E99961155FB175007F9E5F /* AppDelegate.h */,
				26E99962155FB175007F9E5F /* AppDelegate.m */,
				26E99959155FB175007F9E5F /* Supporting Files */,
				26E99981155FB1F3007F9E5F /* ViewController.h */,
				26E99982155FB1F3007F9E5F /* ViewController.m */,
			);
			path = ImageFlowedViewer;
			sourceTree = "<group>";
		};
		26E99959155FB175007F9E5F /* Supporting Files */ = {
			isa = PBXGroup;
			children = (
				26E9995A155FB175007F9E5F /* ImageFlowedViewer-Info.plist */,
				26E9995B155FB175007F9E5F /* InfoPlist.strings */,
				26E9995E155FB175007F9E5F /* main.m */,
				26E99960155FB175007F9E5F /* ImageFlowedViewer-Prefix.pch */,
			);
			name = "Supporting Files";
			sourceTree = "<group>";
		};
		26E99970155FB175007F9E5F /* ImageFlowedViewerTests */ = {
			isa = PBXGroup;
			children = (
				26E99976155FB175007F9E5F /* ImageFlowedViewerTests.h */,
				26E99977155FB175007F9E5F /* ImageFlowedViewerTests.m */,
				26E99971155FB175007F9E5F /* Supporting Files */,
			);
			path = ImageFlowedViewerTests;
			sourceTree = "<group>";
		};
		26E99971155FB175007F9E5F /* Supporting Files */ = {
			isa = PBXGroup;
			children = (
				26E99972155FB175007F9E5F /* ImageFlowedViewerTests-Info.plist */,
				26E99973155FB175007F9E5F /* InfoPlist.strings */,
			);
			name = "Supporting Files";
			sourceTree = "<group>";
		};
/* End PBXGroup section */

/* Begin PBXNativeTarget section */
		26E9994D155FB175007F9E5F /* ImageFlowedViewer */ = {
			isa = PBXNativeTarget;
			buildConfigurationList = 26E9997B155FB175007F9E5F /* Build configuration list for PBXNativeTarget "ImageFlowedViewer" */;
			buildPhases = (
				26E9994A155FB175007F9E5F /* Sources */,
				26E9994B155FB175007F9E5F /* Frameworks */,
				26E9994C155FB175007F9E5F /* Resources */,
			);
			buildRules = (
			);
			dependencies = (
			);
			name = ImageFlowedViewer;
			productName = ImageFlowedViewer;
			productReference = 26E9994E155FB175007F9E5F /* ImageFlowedViewer.app */;
			productType = "com.apple.product-type.application";
		};
		26E99968155FB175007F9E5F /* ImageFlowedViewerTests */ = {
			isa = PBXNativeTarget;
			buildConfigurationList = 26E9997E155FB175007F9E5F /* Build configuration list for PBXNativeTarget "ImageFlowedViewerTests" */;
			buildPhases = (
				26E99964155FB175007F9E5F /* Sources */,
				26E99965155FB175007F9E5F /* Frameworks */,
				26E99966155FB175007F9E5F /* Resources */,
				26E99967155FB175007F9E5F /* ShellScript */,
			);
			buildRules = (
			);
			dependencies = (
				26E9996F155FB175007F9E5F /* PBXTargetDependency */,
			);
			name = ImageFlowedViewerTests;
			productName = ImageFlowedViewerTests;
			productReference = 26E99969155FB175007F9E5F /* ImageFlowedViewerTests.octest */;
			productType = "com.apple.product-type.bundle";
		};
/* End PBXNativeTarget section */

/* Begin PBXProject section */
		26E99945155FB174007F9E5F /* Project object */ = {
			isa = PBXProject;
			attributes = {
				LastUpgradeCheck = 0430;
				ORGANIZATIONNAME = n/a;
			};
			buildConfigurationList = 26E99948155FB174007F9E5F /* Build configuration list for PBXProject "ImageFlowedViewer" */;
			compatibilityVersion = "Xcode 3.2";
			developmentRegion = English;
			hasScannedForEncodings = 0;
			knownRegions = (
				en,
			);
			mainGroup = 26E99943155FB174007F9E5F;
			productRefGroup = 26E9994F155FB175007F9E5F /* Products */;
			projectDirPath = "";
			projectRoot = "";
			targets = (
				26E9994D155FB175007F9E5F /* ImageFlowedViewer */,
				26E99968155FB175007F9E5F /* ImageFlowedViewerTests */,
			);
		};
/* End PBXProject section */

/* Begin PBXResourcesBuildPhase section */
		26E9994C155FB175007F9E5F /* Resources */ = {
			isa = PBXResourcesBuildPhase;
			buildActionMask = 2147483647;
			files = (
				26E9995D155FB175007F9E5F /* InfoPlist.strings in Resources */,
			);
			runOnlyForDeploymentPostprocessing = 0;
		};
		26E99966155FB175007F9E5F /* Resources */ = {
			isa = PBXResourcesBuildPhase;
			buildActionMask = 2147483647;
			files = (
				26E99975155FB175007F9E5F /* InfoPlist.strings in Resources */,
			);
			runOnlyForDeploymentPostprocessing = 0;
		};
/* End PBXResourcesBuildPhase section */

/* Begin PBXShellScriptBuildPhase section */
		26E99967155FB175007F9E5F /* ShellScript */ = {
			isa = PBXShellScriptBuildPhase;
			buildActionMask = 2147483647;
			files = (
			);
			inputPaths = (
			);
			outputPaths = (
			);
			runOnlyForDeploymentPostprocessing = 0;
			shellPath = /bin/sh;
			shellScript = "# Run the unit tests in this test bundle.\n\"${SYSTEM_DEVELOPER_DIR}/Tools/RunUnitTests\"\n";
		};
/* End PBXShellScriptBuildPhase section */

/* Begin PBXSourcesBuildPhase section */
		26E9994A155FB175007F9E5F /* Sources */ = {
			isa = PBXSourcesBuildPhase;
			buildActionMask = 2147483647;
			files = (
				26E9995F155FB175007F9E5F /* main.m in Sources */,
				26E99963155FB175007F9E5F /* AppDelegate.m in Sources */,
				26E99983155FB1F3007F9E5F /* ViewController.m in Sources */,
			);
			runOnlyForDeploymentPostprocessing = 0;
		};
		26E99964155FB175007F9E5F /* Sources */ = {
			isa = PBXSourcesBuildPhase;
			buildActionMask = 2147483647;
			files = (
				26E99978155FB175007F9E5F /* ImageFlowedViewerTests.m in Sources */,
			);
			runOnlyForDeploymentPostprocessing = 0;
		};
/* End PBXSourcesBuildPhase section */

/* Begin PBXTargetDependency section */
		26E9996F155FB175007F9E5F /* PBXTargetDependency */ = {
			isa = PBXTargetDependency;
			target = 26E9994D155FB175007F9E5F /* ImageFlowedViewer */;
			targetProxy = 26E9996E155FB175007F9E5F /* PBXContainerItemProxy */;
		};
/* End PBXTargetDependency section */

/* Begin PBXVariantGroup section */
		26E9995B155FB175007F9E5F /* InfoPlist.strings */ = {
			isa = PBXVariantGroup;
			children = (
				26E9995C155FB175007F9E5F /* en */,
			);
			name = InfoPlist.strings;
			sourceTree = "<group>";
		};
		26E99973155FB175007F9E5F /* InfoPlist.strings */ = {
			isa = PBXVariantGroup;
			children = (
				26E99974155FB175007F9E5F /* en */,
			);
			name = InfoPlist.strings;
			sourceTree = "<group>";
		};
/* End PBXVariantGroup section */

/* Begin XCBuildConfiguration section */
		26E99979155FB175007F9E5F /* Debug */ = {
			isa = XCBuildConfiguration;
			buildSettings = {
				ALWAYS_SEARCH_USER_PATHS = NO;
				ARCHS = "$(ARCHS_STANDARD_32_BIT)";
				CLANG_ENABLE_OBJC_ARC = YES;
				"CODE_SIGN_IDENTITY[sdk=iphoneos*]" = "iPhone Developer";
				COPY_PHASE_STRIP = NO;
				GCC_C_LANGUAGE_STANDARD = gnu99;
				GCC_DYNAMIC_NO_PIC = NO;
				GCC_OPTIMIZATION_LEVEL = 0;
				GCC_PREPROCESSOR_DEFINITIONS = (
					"DEBUG=1",
					"$(inherited)",
				);
				GCC_SYMBOLS_PRIVATE_EXTERN = NO;
				GCC_VERSION = com.apple.compilers.llvm.clang.1_0;
				GCC_WARN_ABOUT_RETURN_TYPE = YES;
				GCC_WARN_UNINITIALIZED_AUTOS = YES;
				GCC_WARN_UNUSED_VARIABLE = YES;
				IPHONEOS_DEPLOYMENT_TARGET = 5.1;
				SDKROOT = iphoneos;
				TARGETED_DEVICE_FAMILY = "1,2";
			};
			name = Debug;
		};
		26E9997A155FB175007F9E5F /* Release */ = {
			isa = XCBuildConfiguration;
			buildSettings = {
				ALWAYS_SEARCH_USER_PATHS = NO;
				ARCHS = "$(ARCHS_STANDARD_32_BIT)";
				CLANG_ENABLE_OBJC_ARC = YES;
				"CODE_SIGN_IDENTITY[sdk=iphoneos*]" = "iPhone Developer";
				COPY_PHASE_STRIP = YES;
				GCC_C_LANGUAGE_STANDARD = gnu99;
				GCC_VERSION = com.apple.compilers.llvm.clang.1_0;
				GCC_WARN_ABOUT_RETURN_TYPE = YES;
				GCC_WARN_UNINITIALIZED_AUTOS = YES;
				GCC_WARN_UNUSED_VARIABLE = YES;
				IPHONEOS_DEPLOYMENT_TARGET = 5.1;
				OTHER_CFLAGS = "-DNS_BLOCK_ASSERTIONS=1";
				SDKROOT = iphoneos;
				TARGETED_DEVICE_FAMILY = "1,2";
				VALIDATE_PRODUCT = YES;
			};
			name = Release;
		};
		26E9997C155FB175007F9E5F /* Debug */ = {
			isa = XCBuildConfiguration;
			buildSettings = {
				GCC_PRECOMPILE_PREFIX_HEADER = YES;
				GCC_PREFIX_HEADER = "ImageFlowedViewer/ImageFlowedViewer-Prefix.pch";
				INFOPLIST_FILE = "ImageFlowedViewer/ImageFlowedViewer-Info.plist";
				PRODUCT_NAME = "$(TARGET_NAME)";
				WRAPPER_EXTENSION = app;
			};
			name = Debug;
		};
		26E9997D155FB175007F9E5F /* Release */ = {
			isa = XCBuildConfiguration;
			buildSettings = {
				GCC_PRECOMPILE_PREFIX_HEADER = YES;
				GCC_PREFIX_HEADER = "ImageFlowedViewer/ImageFlowedViewer-Prefix.pch";
				INFOPLIST_FILE = "ImageFlowedViewer/ImageFlowedViewer-Info.plist";
				PRODUCT_NAME = "$(TARGET_NAME)";
				WRAPPER_EXTENSION = app;
			};
			name = Release;
		};
		26E9997F155FB175007F9E5F /* Debug */ = {
			isa = XCBuildConfiguration;
			buildSettings = {
				BUNDLE_LOADER = "$(BUILT_PRODUCTS_DIR)/ImageFlowedViewer.app/ImageFlowedViewer";
				FRAMEWORK_SEARCH_PATHS = (
					"$(SDKROOT)/Developer/Library/Frameworks",
					"$(DEVELOPER_LIBRARY_DIR)/Frameworks",
				);
				GCC_PRECOMPILE_PREFIX_HEADER = YES;
				GCC_PREFIX_HEADER = "ImageFlowedViewer/ImageFlowedViewer-Prefix.pch";
				INFOPLIST_FILE = "ImageFlowedViewerTests/ImageFlowedViewerTests-Info.plist";
				PRODUCT_NAME = "$(TARGET_NAME)";
				TEST_HOST = "$(BUNDLE_LOADER)";
				WRAPPER_EXTENSION = octest;
			};
			name = Debug;
		};
		26E99980155FB175007F9E5F /* Release */ = {
			isa = XCBuildConfiguration;
			buildSettings = {
				BUNDLE_LOADER = "$(BUILT_PRODUCTS_DIR)/ImageFlowedViewer.app/ImageFlowedViewer";
				FRAMEWORK_SEARCH_PATHS = (
					"$(SDKROOT)/Developer/Library/Frameworks",
					"$(DEVELOPER_LIBRARY_DIR)/Frameworks",
				);
				GCC_PRECOMPILE_PREFIX_HEADER = YES;
				GCC_PREFIX_HEADER = "ImageFlowedViewer/ImageFlowedViewer-Prefix.pch";
				INFOPLIST_FILE = "ImageFlowedViewerTests/ImageFlowedViewerTests-Info.plist";
				PRODUCT_NAME = "$(TARGET_NAME)";
				TEST_HOST = "$(BUNDLE_LOADER)";
				WRAPPER_EXTENSION = octest;
			};
			name = Release;
		};
/* End XCBuildConfiguration section */

/* Begin XCConfigurationList section */
		26E99948155FB174007F9E5F /* Build configuration list for PBXProject "ImageFlowedViewer" */ = {
			isa = XCConfigurationList;
			buildConfigurations = (
				26E99979155FB175007F9E5F /* Debug */,
				26E9997A155FB175007F9E5F /* Release */,
			);
			defaultConfigurationIsVisible = 0;
			defaultConfigurationName = Release;
		};
		26E9997B155FB175007F9E5F /* Build configuration list for PBXNativeTarget "ImageFlowedViewer" */ = {
			isa = XCConfigurationList;
			buildConfigurations = (
				26E9997C155FB175007F9E5F /* Debug */,
				26E9997D155FB175007F9E5F /* Release */,
			);
			defaultConfigurationIsVisible = 0;
		};
		26E9997E155FB175007F9E5F /* Build configuration list for PBXNativeTarget "ImageFlowedViewerTests" */ = {
			isa = XCConfigurationList;
			buildConfigurations = (
				26E9997F155FB175007F9E5F /* Debug */,
				26E99980155FB175007F9E5F /* Release */,
			);
			defaultConfigurationIsVisible = 0;
		};
/* End XCConfigurationList section */
	};
	rootObject = 26E99945155FB174007F9E5F /* Project object */;
}
